
Microsoft Visual Studio Solution File, Format Version 12.00
# Visual Studio Version 17
VisualStudioVersion = 17.13.35931.197
MinimumVisualStudioVersion = 10.0.40219.1
Project("{FAE04EC0-301F-11D3-BF4B-00C04F79EFBC}") = "ProjetoLojaAutoPeça", "ProjetoLojaAutoPeça.csproj", "{AA3EE83A-070C-4283-97E4-3F5A7A7A90B9}"
EndProject
Project("{FAE04EC0-301F-11D3-BF4B-00C04F79EFBC}") = "Cryptography", "..\Cryptography\Cryptography.csproj", "{1C4E90D4-EE08-41C0-A253-67696B691FA0}"
EndProject
Global
	GlobalSection(SolutionConfigurationPlatforms) = preSolution
		Debug|Any CPU = Debug|Any CPU
		Release|Any CPU = Release|Any CPU
	EndGlobalSection
	GlobalSection(ProjectConfigurationPlatforms) = postSolution
		{AA3EE83A-070C-4283-97E4-3F5A7A7A90B9}.Debug|Any CPU.ActiveCfg = Debug|Any CPU
		{AA3EE83A-070C-4283-97E4-3F5A7A7A90B9}.Debug|Any CPU.Build.0 = Debug|Any CPU
		{AA3EE83A-070C-4283-97E4-3F5A7A7A90B9}.Release|Any CPU.ActiveCfg = Release|Any CPU
		{AA3EE83A-070C-4283-97E4-3F5A7A7A90B9}.Release|Any CPU.Build.0 = Release|Any CPU
		{1C4E90D4-EE08-41C0-A253-67696B691FA0}.Debug|Any CPU.ActiveCfg = Debug|Any CPU
		{1C4E90D4-EE08-41C0-A253-67696B691FA0}.Debug|Any CPU.Build.0 = Debug|Any CPU
		{1C4E90D4-EE08-41C0-A253-67696B691FA0}.Release|Any CPU.ActiveCfg = Release|Any CPU
		{1C4E90D4-EE08-41C0-A253-67696B691FA0}.Release|Any CPU.Build.0 = Release|Any CPU
	EndGlobalSection
	GlobalSection(SolutionProperties) = preSolution
		HideSolutionNode = FALSE
	EndGlobalSection
	GlobalSection(ExtensibilityGlobals) = postSolution
		SolutionGuid = {B784337E-A800-4CF6-9354-022F1D39AA72}
	EndGlobalSection
EndGlobal
